
Microsoft Visual Studio Solution File, Format Version 12.00
# Visual Studio 15
VisualStudioVersion = 15.0.26730.15
MinimumVisualStudioVersion = 10.0.40219.1
Project("{8BC9CEB8-8B4A-11D0-8D11-00A0C91BC942}") = "MyProject", "MyProject\MyProject.vcxproj", "{5D3ACC82-EE40-4D21-976A-2D5E4A045F99}"
EndProject
Global
	GlobalSection(SolutionConfigurationPlatforms) = preSolution
		Debug|x64 = Debug|x64
		Debug|x86 = Debug|x86
		Release|x64 = Release|x64
		Release|x86 = Release|x86
	EndGlobalSection
	GlobalSection(ProjectConfigurationPlatforms) = postSolution
		{5D3ACC82-EE40-4D21-976A-2D5E4A045F99}.Debug|x64.ActiveCfg = Debug|x64
		{5D3ACC82-EE40-4D21-976A-2D5E4A045F99}.Debug|x64.Build.0 = Debug|x64
		{5D3ACC82-EE40-4D21-976A-2D5E4A045F99}.Debug|x86.ActiveCfg = Debug|Win32
		{5D3ACC82-EE40-4D21-976A-2D5E4A045F99}.Debug|x86.Build.0 = Debug|Win32
		{5D3ACC82-EE40-4D21-976A-2D5E4A045F99}.Release|x64.ActiveCfg = Release|x64
		{5D3ACC82-EE40-4D21-976A-2D5E4A045F99}.Release|x64.Build.0 = Release|x64
		{5D3ACC82-EE40-4D21-976A-2D5E4A045F99}.Release|x86.ActiveCfg = Release|Win32
		{5D3ACC82-EE40-4D21-976A-2D5E4A045F99}.Release|x86.Build.0 = Release|Win32
	EndGlobalSection
	GlobalSection(SolutionProperties) = preSolution
		HideSolutionNode = FALSE
	EndGlobalSection
	GlobalSection(ExtensibilityGlobals) = postSolution
		SolutionGuid = {7483A4A8-F0D3-4A2F-8E33-A120D61A8159}
	EndGlobalSection
EndGlobal
